
Microsoft Visual Studio Solution File, Format Version 12.00
# Visual Studio Version 17
VisualStudioVersion = 17.9.34616.47
MinimumVisualStudioVersion = 10.0.40219.1
Project("{FAE04EC0-301F-11D3-BF4B-00C04F79EFBC}") = "projectMVC", "projectMVC\projectMVC.csproj", "{840CCB25-BE28-4A54-96BC-93BCA49BCA7C}"
EndProject
Global
	GlobalSection(SolutionConfigurationPlatforms) = preSolution
		Debug|Any CPU = Debug|Any CPU
		Release|Any CPU = Release|Any CPU
	EndGlobalSection
	GlobalSection(ProjectConfigurationPlatforms) = postSolution
		{840CCB25-BE28-4A54-96BC-93BCA49BCA7C}.Debug|Any CPU.ActiveCfg = Debug|Any CPU
		{840CCB25-BE28-4A54-96BC-93BCA49BCA7C}.Debug|Any CPU.Build.0 = Debug|Any CPU
		{840CCB25-BE28-4A54-96BC-93BCA49BCA7C}.Release|Any CPU.ActiveCfg = Release|Any CPU
		{840CCB25-BE28-4A54-96BC-93BCA49BCA7C}.Release|Any CPU.Build.0 = Release|Any CPU
	EndGlobalSection
	GlobalSection(SolutionProperties) = preSolution
		HideSolutionNode = FALSE
	EndGlobalSection
	GlobalSection(ExtensibilityGlobals) = postSolution
		SolutionGuid = {8990D21A-99A8-420E-8FBA-FDD75A040A08}
	EndGlobalSection
EndGlobal
